<Solution>
  <Project Path="Evo.UI.Editor.csproj" />
  <Project Path="Flexalon.Editor.csproj" />
  <Project Path="DissonanceVoip.csproj" />
  <Project Path="QFSW.QC.Extras.csproj" />
  <Project Path="Assembly-CSharp.csproj" />
  <Project Path="Sonity.Internal.Runtime.csproj" />
  <Project Path="DissonanceVoipEditor.csproj" />
  <Project Path="QFSW.QC.csproj" />
  <Project Path="Flexalon.Samples.csproj" />
  <Project Path="QFSW.QC.Grammar.csproj" />
  <Project Path="Sonity.PlayMaker.csproj" />
  <Project Path="QFSW.QC.Editor.csproj" />
  <Project Path="Sonity.Internal.Editor.csproj" />
  <Project Path="Evo.UI.csproj" />
  <Project Path="QFSW.QC.Parsers.csproj" />
  <Project Path="Sonity.Public.Runtime.csproj" />
  <Project Path="Sonity.Public.Editor.csproj" />
  <Project Path="Assembly-CSharp-Editor.csproj" />
  <Project Path="Flexalon.csproj" />
  <Project Path="ParrelSync.csproj" />
  <Project Path="VHierarchy.csproj" />
  <Project Path="Evo.Editor.csproj" />
  <Project Path="Sonity.Public.EditorTools.csproj" />
  <Project Path="SonityExample.csproj" />
  <Project Path="QFSW.QC.Serializers.csproj" />
  <Project Path="QFSW.QC.Suggestors.csproj" />
  <Project Path="QFSW.QC.QGUI.csproj" />
  <Project Path="QFSW.QC.UI.csproj" />
  <Project Path="Evo.csproj" />
  <Project Path="QFSW.QC.Demo.csproj" />
  <Project Path="QFSW.QC.Editor.Tools.csproj" />
  <Project Path="SonityTemplate.csproj" />
  <Project Path="Flexalon.Samples.Editor.csproj" />
  <Project Path="QFSW.QC.ScanRules.csproj" />
</Solution>
